
Microsoft Visual Studio Solution File, Format Version 11.00
# Visual Studio 2010
Project("{FAE04EC0-301F-11D3-BF4B-00C04F79EFBC}") = "Assembly-CSharp", "Assembly-CSharp.csproj", "{6A3D5AD9-1D66-D615-5C79-47E158AE327F}"
EndProject
Project("{FAE04EC0-301F-11D3-BF4B-00C04F79EFBC}") = "Assembly-CSharp-Editor-firstpass", "Assembly-CSharp-Editor-firstpass.csproj", "{0CA695A0-5825-C056-7A07-B1B624FA9043}"
EndProject
Global
	GlobalSection(SolutionConfigurationPlatforms) = preSolution
		Debug|Any CPU = Debug|Any CPU
		Release|Any CPU = Release|Any CPU
	EndGlobalSection
	GlobalSection(ProjectConfigurationPlatforms) = postSolution
		{6A3D5AD9-1D66-D615-5C79-47E158AE327F}.Debug|Any CPU.ActiveCfg = Debug|Any CPU
		{6A3D5AD9-1D66-D615-5C79-47E158AE327F}.Debug|Any CPU.Build.0 = Debug|Any CPU
		{6A3D5AD9-1D66-D615-5C79-47E158AE327F}.Release|Any CPU.ActiveCfg = Release|Any CPU
		{6A3D5AD9-1D66-D615-5C79-47E158AE327F}.Release|Any CPU.Build.0 = Release|Any CPU
		{0CA695A0-5825-C056-7A07-B1B624FA9043}.Debug|Any CPU.ActiveCfg = Debug|Any CPU
		{0CA695A0-5825-C056-7A07-B1B624FA9043}.Debug|Any CPU.Build.0 = Debug|Any CPU
		{0CA695A0-5825-C056-7A07-B1B624FA9043}.Release|Any CPU.ActiveCfg = Release|Any CPU
		{0CA695A0-5825-C056-7A07-B1B624FA9043}.Release|Any CPU.Build.0 = Release|Any CPU
	EndGlobalSection
	GlobalSection(SolutionProperties) = preSolution
		HideSolutionNode = FALSE
	EndGlobalSection
	GlobalSection(MonoDevelopProperties) = preSolution
		StartupItem = Assembly-CSharp.csproj
	EndGlobalSection
EndGlobal
